
Microsoft Visual Studio Solution File, Format Version 12.00
# Visual Studio Version 16
VisualStudioVersion = 16.0.31624.102
MinimumVisualStudioVersion = 10.0.40219.1
Project("{2150E333-8FDC-42A3-9474-1A3956D46DE8}") = "Domain", "Domain", "{686C4D29-714E-4866-9460-ED65965F70EF}"
EndProject
Project("{2150E333-8FDC-42A3-9474-1A3956D46DE8}") = "Infra.Bus", "Infra.Bus", "{BB98A630-5F16-45EB-A8D6-D85EFB650973}"
EndProject
Project("{2150E333-8FDC-42A3-9474-1A3956D46DE8}") = "Infra.IoC", "Infra.IoC", "{2AE07C11-8AC6-4F1F-B699-F0C9A8FFF916}"
EndProject
Project("{2150E333-8FDC-42A3-9474-1A3956D46DE8}") = "Microservices", "Microservices", "{19C458A2-CAF7-48BE-907A-656E05A20CB3}"
EndProject
Project("{2150E333-8FDC-42A3-9474-1A3956D46DE8}") = "Presentation", "Presentation", "{9676BF7E-BE6F-46F7-94E9-188B68D2ABCA}"
EndProject
Project("{FAE04EC0-301F-11D3-BF4B-00C04F79EFBC}") = "MicroRabbit.Domain.Core", "MicroRabbit.Domain.Core\MicroRabbit.Domain.Core.csproj", "{99F71F63-D0CC-4D17-85F6-4F6241CCD3A4}"
EndProject
Project("{FAE04EC0-301F-11D3-BF4B-00C04F79EFBC}") = "MicroRabbit.Infra.Bus", "MicroRabbit.Infra.Bus\MicroRabbit.Infra.Bus.csproj", "{C758852E-B933-4AA8-A2D5-F1D29F6651C5}"
EndProject
Global
	GlobalSection(SolutionConfigurationPlatforms) = preSolution
		Debug|Any CPU = Debug|Any CPU
		Release|Any CPU = Release|Any CPU
	EndGlobalSection
	GlobalSection(ProjectConfigurationPlatforms) = postSolution
		{99F71F63-D0CC-4D17-85F6-4F6241CCD3A4}.Debug|Any CPU.ActiveCfg = Debug|Any CPU
		{99F71F63-D0CC-4D17-85F6-4F6241CCD3A4}.Debug|Any CPU.Build.0 = Debug|Any CPU
		{99F71F63-D0CC-4D17-85F6-4F6241CCD3A4}.Release|Any CPU.ActiveCfg = Release|Any CPU
		{99F71F63-D0CC-4D17-85F6-4F6241CCD3A4}.Release|Any CPU.Build.0 = Release|Any CPU
		{C758852E-B933-4AA8-A2D5-F1D29F6651C5}.Debug|Any CPU.ActiveCfg = Debug|Any CPU
		{C758852E-B933-4AA8-A2D5-F1D29F6651C5}.Debug|Any CPU.Build.0 = Debug|Any CPU
		{C758852E-B933-4AA8-A2D5-F1D29F6651C5}.Release|Any CPU.ActiveCfg = Release|Any CPU
		{C758852E-B933-4AA8-A2D5-F1D29F6651C5}.Release|Any CPU.Build.0 = Release|Any CPU
	EndGlobalSection
	GlobalSection(SolutionProperties) = preSolution
		HideSolutionNode = FALSE
	EndGlobalSection
	GlobalSection(NestedProjects) = preSolution
		{99F71F63-D0CC-4D17-85F6-4F6241CCD3A4} = {686C4D29-714E-4866-9460-ED65965F70EF}
		{C758852E-B933-4AA8-A2D5-F1D29F6651C5} = {BB98A630-5F16-45EB-A8D6-D85EFB650973}
	EndGlobalSection
	GlobalSection(ExtensibilityGlobals) = postSolution
		SolutionGuid = {5BA1FD63-425B-4A35-9981-4F4C64CDE049}
	EndGlobalSection
EndGlobal
