
Microsoft Visual Studio Solution File, Format Version 12.00
# Visual Studio Version 16
VisualStudioVersion = 16.0.31624.102
MinimumVisualStudioVersion = 10.0.40219.1
Project("{2150E333-8FDC-42A3-9474-1A3956D46DE8}") = "Domain", "Domain", "{686C4D29-714E-4866-9460-ED65965F70EF}"
EndProject
Project("{2150E333-8FDC-42A3-9474-1A3956D46DE8}") = "Infra.Bus", "Infra.Bus", "{BB98A630-5F16-45EB-A8D6-D85EFB650973}"
EndProject
Project("{2150E333-8FDC-42A3-9474-1A3956D46DE8}") = "Infra.IoC", "Infra.IoC", "{2AE07C11-8AC6-4F1F-B699-F0C9A8FFF916}"
EndProject
Project("{2150E333-8FDC-42A3-9474-1A3956D46DE8}") = "Microservices", "Microservices", "{19C458A2-CAF7-48BE-907A-656E05A20CB3}"
EndProject
Project("{2150E333-8FDC-42A3-9474-1A3956D46DE8}") = "Presentation", "Presentation", "{9676BF7E-BE6F-46F7-94E9-188B68D2ABCA}"
EndProject
Project("{9A19103F-16F7-4668-BE54-9A1E7A4F7556}") = "MicroRabbit.Domain.Core", "MicroRabbit.Domain.Core\MicroRabbit.Domain.Core.csproj", "{99F71F63-D0CC-4D17-85F6-4F6241CCD3A4}"
EndProject
Project("{9A19103F-16F7-4668-BE54-9A1E7A4F7556}") = "MicroRabbit.Infra.Bus", "MicroRabbit.Infra.Bus\MicroRabbit.Infra.Bus.csproj", "{C758852E-B933-4AA8-A2D5-F1D29F6651C5}"
EndProject
Project("{9A19103F-16F7-4668-BE54-9A1E7A4F7556}") = "MicroRabbit.Infra.IoC", "MicroRabbit.Infra.IoC\MicroRabbit.Infra.IoC.csproj", "{AB34454A-374B-495B-A13E-3108303D532F}"
EndProject
Project("{2150E333-8FDC-42A3-9474-1A3956D46DE8}") = "Banking", "Banking", "{E8990C1C-4AFB-464A-BC63-69B004945436}"
EndProject
Project("{2150E333-8FDC-42A3-9474-1A3956D46DE8}") = "Api", "Api", "{8401DBB4-8267-48E6-A928-B7F29E5D76CE}"
EndProject
Project("{2150E333-8FDC-42A3-9474-1A3956D46DE8}") = "Domain", "Domain", "{B64EF5A4-E77D-4E6F-BF80-79DC902735F6}"
EndProject
Project("{2150E333-8FDC-42A3-9474-1A3956D46DE8}") = "Application", "Application", "{73BD3BE3-308A-4B8E-BFA0-931B4C22496F}"
EndProject
Project("{2150E333-8FDC-42A3-9474-1A3956D46DE8}") = "Data", "Data", "{B1AC4C3E-52D3-4633-AC92-AA44A1814DF6}"
EndProject
Project("{9A19103F-16F7-4668-BE54-9A1E7A4F7556}") = "MicroRabbit.Banking.Api", "MicroRabbit.Banking.Api\MicroRabbit.Banking.Api.csproj", "{1BBF4291-0C65-4FE0-880B-50CFA665F306}"
EndProject
Project("{9A19103F-16F7-4668-BE54-9A1E7A4F7556}") = "MicroRabbit.Banking.Application", "MicroRabbit.Banking.Application\MicroRabbit.Banking.Application.csproj", "{302B0947-329C-4DB8-AB10-3DC0E8F95B17}"
EndProject
Project("{9A19103F-16F7-4668-BE54-9A1E7A4F7556}") = "MicroRabbit.Banking.Data", "MicroRabbit.Banking.Data\MicroRabbit.Banking.Data.csproj", "{4983ED8D-763A-4845-AB5D-19FECD6087E2}"
EndProject
Project("{9A19103F-16F7-4668-BE54-9A1E7A4F7556}") = "MicroRabbit.Banking.Domain", "MicroRabbit.Banking.Domain\MicroRabbit.Banking.Domain.csproj", "{C9B055C0-FCAC-4AB6-A0BB-DF0FB3E91878}"
EndProject
Project("{2150E333-8FDC-42A3-9474-1A3956D46DE8}") = "Transfer", "Transfer", "{B4916611-468A-4327-BE18-F127A41497C4}"
EndProject
Project("{2150E333-8FDC-42A3-9474-1A3956D46DE8}") = "Api", "Api", "{2BC20CA0-E82F-485F-8535-5B0BD43904B5}"
EndProject
Project("{2150E333-8FDC-42A3-9474-1A3956D46DE8}") = "Application", "Application", "{94C6C9A9-006D-45EF-8EED-97C912F1F405}"
EndProject
Project("{2150E333-8FDC-42A3-9474-1A3956D46DE8}") = "Data", "Data", "{EF4C881C-BA36-4297-B4C9-1D6DB5E7D0D9}"
EndProject
Project("{2150E333-8FDC-42A3-9474-1A3956D46DE8}") = "Domain", "Domain", "{8777C5E6-17E8-45A1-9DCD-5AE3E05D9F71}"
EndProject
Project("{FAE04EC0-301F-11D3-BF4B-00C04F79EFBC}") = "MicroRabbit.Transfer.Application", "MicroRabbit.Transfer.Application\MicroRabbit.Transfer.Application.csproj", "{B490FB56-04CA-4C14-9113-1BF7AE1A4F0F}"
EndProject
Project("{FAE04EC0-301F-11D3-BF4B-00C04F79EFBC}") = "MicroRabbit.Transfer.Domain", "MicroRabbit.Transfer.Domain\MicroRabbit.Transfer.Domain.csproj", "{88281CD0-A975-48A2-813A-C5F0725A06D4}"
EndProject
Project("{FAE04EC0-301F-11D3-BF4B-00C04F79EFBC}") = "MicroRabbit.Transfer.Data", "MicroRabbit.Transfer.Data\MicroRabbit.Transfer.Data.csproj", "{0C582913-AF9F-48E8-9C76-782142A8F067}"
EndProject
Project("{FAE04EC0-301F-11D3-BF4B-00C04F79EFBC}") = "MicroRabbit.Transfer.Api", "MicroRabbit.Transfer.Api\MicroRabbit.Transfer.Api.csproj", "{C21B266C-BB33-491E-BEC9-667A875696E9}"
EndProject
Global
	GlobalSection(SolutionConfigurationPlatforms) = preSolution
		Debug|Any CPU = Debug|Any CPU
		Release|Any CPU = Release|Any CPU
	EndGlobalSection
	GlobalSection(ProjectConfigurationPlatforms) = postSolution
		{99F71F63-D0CC-4D17-85F6-4F6241CCD3A4}.Debug|Any CPU.ActiveCfg = Debug|Any CPU
		{99F71F63-D0CC-4D17-85F6-4F6241CCD3A4}.Debug|Any CPU.Build.0 = Debug|Any CPU
		{99F71F63-D0CC-4D17-85F6-4F6241CCD3A4}.Release|Any CPU.ActiveCfg = Release|Any CPU
		{99F71F63-D0CC-4D17-85F6-4F6241CCD3A4}.Release|Any CPU.Build.0 = Release|Any CPU
		{C758852E-B933-4AA8-A2D5-F1D29F6651C5}.Debug|Any CPU.ActiveCfg = Debug|Any CPU
		{C758852E-B933-4AA8-A2D5-F1D29F6651C5}.Debug|Any CPU.Build.0 = Debug|Any CPU
		{C758852E-B933-4AA8-A2D5-F1D29F6651C5}.Release|Any CPU.ActiveCfg = Release|Any CPU
		{C758852E-B933-4AA8-A2D5-F1D29F6651C5}.Release|Any CPU.Build.0 = Release|Any CPU
		{AB34454A-374B-495B-A13E-3108303D532F}.Debug|Any CPU.ActiveCfg = Debug|Any CPU
		{AB34454A-374B-495B-A13E-3108303D532F}.Debug|Any CPU.Build.0 = Debug|Any CPU
		{AB34454A-374B-495B-A13E-3108303D532F}.Release|Any CPU.ActiveCfg = Release|Any CPU
		{AB34454A-374B-495B-A13E-3108303D532F}.Release|Any CPU.Build.0 = Release|Any CPU
		{1BBF4291-0C65-4FE0-880B-50CFA665F306}.Debug|Any CPU.ActiveCfg = Debug|Any CPU
		{1BBF4291-0C65-4FE0-880B-50CFA665F306}.Debug|Any CPU.Build.0 = Debug|Any CPU
		{1BBF4291-0C65-4FE0-880B-50CFA665F306}.Release|Any CPU.ActiveCfg = Release|Any CPU
		{1BBF4291-0C65-4FE0-880B-50CFA665F306}.Release|Any CPU.Build.0 = Release|Any CPU
		{302B0947-329C-4DB8-AB10-3DC0E8F95B17}.Debug|Any CPU.ActiveCfg = Debug|Any CPU
		{302B0947-329C-4DB8-AB10-3DC0E8F95B17}.Debug|Any CPU.Build.0 = Debug|Any CPU
		{302B0947-329C-4DB8-AB10-3DC0E8F95B17}.Release|Any CPU.ActiveCfg = Release|Any CPU
		{302B0947-329C-4DB8-AB10-3DC0E8F95B17}.Release|Any CPU.Build.0 = Release|Any CPU
		{4983ED8D-763A-4845-AB5D-19FECD6087E2}.Debug|Any CPU.ActiveCfg = Debug|Any CPU
		{4983ED8D-763A-4845-AB5D-19FECD6087E2}.Debug|Any CPU.Build.0 = Debug|Any CPU
		{4983ED8D-763A-4845-AB5D-19FECD6087E2}.Release|Any CPU.ActiveCfg = Release|Any CPU
		{4983ED8D-763A-4845-AB5D-19FECD6087E2}.Release|Any CPU.Build.0 = Release|Any CPU
		{C9B055C0-FCAC-4AB6-A0BB-DF0FB3E91878}.Debug|Any CPU.ActiveCfg = Debug|Any CPU
		{C9B055C0-FCAC-4AB6-A0BB-DF0FB3E91878}.Debug|Any CPU.Build.0 = Debug|Any CPU
		{C9B055C0-FCAC-4AB6-A0BB-DF0FB3E91878}.Release|Any CPU.ActiveCfg = Release|Any CPU
		{C9B055C0-FCAC-4AB6-A0BB-DF0FB3E91878}.Release|Any CPU.Build.0 = Release|Any CPU
		{B490FB56-04CA-4C14-9113-1BF7AE1A4F0F}.Debug|Any CPU.ActiveCfg = Debug|Any CPU
		{B490FB56-04CA-4C14-9113-1BF7AE1A4F0F}.Debug|Any CPU.Build.0 = Debug|Any CPU
		{B490FB56-04CA-4C14-9113-1BF7AE1A4F0F}.Release|Any CPU.ActiveCfg = Release|Any CPU
		{B490FB56-04CA-4C14-9113-1BF7AE1A4F0F}.Release|Any CPU.Build.0 = Release|Any CPU
		{88281CD0-A975-48A2-813A-C5F0725A06D4}.Debug|Any CPU.ActiveCfg = Debug|Any CPU
		{88281CD0-A975-48A2-813A-C5F0725A06D4}.Debug|Any CPU.Build.0 = Debug|Any CPU
		{88281CD0-A975-48A2-813A-C5F0725A06D4}.Release|Any CPU.ActiveCfg = Release|Any CPU
		{88281CD0-A975-48A2-813A-C5F0725A06D4}.Release|Any CPU.Build.0 = Release|Any CPU
		{0C582913-AF9F-48E8-9C76-782142A8F067}.Debug|Any CPU.ActiveCfg = Debug|Any CPU
		{0C582913-AF9F-48E8-9C76-782142A8F067}.Debug|Any CPU.Build.0 = Debug|Any CPU
		{0C582913-AF9F-48E8-9C76-782142A8F067}.Release|Any CPU.ActiveCfg = Release|Any CPU
		{0C582913-AF9F-48E8-9C76-782142A8F067}.Release|Any CPU.Build.0 = Release|Any CPU
		{C21B266C-BB33-491E-BEC9-667A875696E9}.Debug|Any CPU.ActiveCfg = Debug|Any CPU
		{C21B266C-BB33-491E-BEC9-667A875696E9}.Debug|Any CPU.Build.0 = Debug|Any CPU
		{C21B266C-BB33-491E-BEC9-667A875696E9}.Release|Any CPU.ActiveCfg = Release|Any CPU
		{C21B266C-BB33-491E-BEC9-667A875696E9}.Release|Any CPU.Build.0 = Release|Any CPU
	EndGlobalSection
	GlobalSection(SolutionProperties) = preSolution
		HideSolutionNode = FALSE
	EndGlobalSection
	GlobalSection(NestedProjects) = preSolution
		{99F71F63-D0CC-4D17-85F6-4F6241CCD3A4} = {686C4D29-714E-4866-9460-ED65965F70EF}
		{C758852E-B933-4AA8-A2D5-F1D29F6651C5} = {BB98A630-5F16-45EB-A8D6-D85EFB650973}
		{AB34454A-374B-495B-A13E-3108303D532F} = {2AE07C11-8AC6-4F1F-B699-F0C9A8FFF916}
		{E8990C1C-4AFB-464A-BC63-69B004945436} = {19C458A2-CAF7-48BE-907A-656E05A20CB3}
		{8401DBB4-8267-48E6-A928-B7F29E5D76CE} = {E8990C1C-4AFB-464A-BC63-69B004945436}
		{B64EF5A4-E77D-4E6F-BF80-79DC902735F6} = {E8990C1C-4AFB-464A-BC63-69B004945436}
		{73BD3BE3-308A-4B8E-BFA0-931B4C22496F} = {E8990C1C-4AFB-464A-BC63-69B004945436}
		{B1AC4C3E-52D3-4633-AC92-AA44A1814DF6} = {E8990C1C-4AFB-464A-BC63-69B004945436}
		{1BBF4291-0C65-4FE0-880B-50CFA665F306} = {8401DBB4-8267-48E6-A928-B7F29E5D76CE}
		{302B0947-329C-4DB8-AB10-3DC0E8F95B17} = {73BD3BE3-308A-4B8E-BFA0-931B4C22496F}
		{4983ED8D-763A-4845-AB5D-19FECD6087E2} = {B1AC4C3E-52D3-4633-AC92-AA44A1814DF6}
		{C9B055C0-FCAC-4AB6-A0BB-DF0FB3E91878} = {B64EF5A4-E77D-4E6F-BF80-79DC902735F6}
		{B4916611-468A-4327-BE18-F127A41497C4} = {19C458A2-CAF7-48BE-907A-656E05A20CB3}
		{2BC20CA0-E82F-485F-8535-5B0BD43904B5} = {B4916611-468A-4327-BE18-F127A41497C4}
		{94C6C9A9-006D-45EF-8EED-97C912F1F405} = {B4916611-468A-4327-BE18-F127A41497C4}
		{EF4C881C-BA36-4297-B4C9-1D6DB5E7D0D9} = {B4916611-468A-4327-BE18-F127A41497C4}
		{8777C5E6-17E8-45A1-9DCD-5AE3E05D9F71} = {B4916611-468A-4327-BE18-F127A41497C4}
		{B490FB56-04CA-4C14-9113-1BF7AE1A4F0F} = {94C6C9A9-006D-45EF-8EED-97C912F1F405}
		{88281CD0-A975-48A2-813A-C5F0725A06D4} = {8777C5E6-17E8-45A1-9DCD-5AE3E05D9F71}
		{0C582913-AF9F-48E8-9C76-782142A8F067} = {EF4C881C-BA36-4297-B4C9-1D6DB5E7D0D9}
		{C21B266C-BB33-491E-BEC9-667A875696E9} = {2BC20CA0-E82F-485F-8535-5B0BD43904B5}
	EndGlobalSection
	GlobalSection(ExtensibilityGlobals) = postSolution
		SolutionGuid = {5BA1FD63-425B-4A35-9981-4F4C64CDE049}
	EndGlobalSection
EndGlobal
